
Microsoft Visual Studio Solution File, Format Version 12.00
# Visual Studio Version 17
VisualStudioVersion = 17.0.32112.339
MinimumVisualStudioVersion = 10.0.40219.1
Project("{2150E333-8FDC-42A3-9474-1A3956D46DE8}") = "resources", "resources", "{B0569FD5-BAD8-49C9-AE26-DDBD6D880D6A}"
EndProject
Project("{2150E333-8FDC-42A3-9474-1A3956D46DE8}") = "compose", "compose", "{4F71B828-2867-45F2-AD85-1BC659A0A24E}"
	ProjectSection(SolutionItems) = preProject
		compose\infrastructure.yml = compose\infrastructure.yml
	EndProjectSection
EndProject
Project("{2150E333-8FDC-42A3-9474-1A3956D46DE8}") = "postman", "postman", "{141BDD48-E9B2-41DB-A1F5-2B4B3413F46A}"
	ProjectSection(SolutionItems) = preProject
		postman\HureIT.Postman.json = postman\HureIT.Postman.json
	EndProjectSection
EndProject
Project("{2150E333-8FDC-42A3-9474-1A3956D46DE8}") = "src", "src", "{C68EE75F-42FB-45C9-ACE7-D26319D04DEA}"
EndProject
Project("{2150E333-8FDC-42A3-9474-1A3956D46DE8}") = "tests", "tests", "{650CD269-5296-44A8-9A3B-3DAA354EF9E7}"
EndProject
Project("{2150E333-8FDC-42A3-9474-1A3956D46DE8}") = "Solution Items", "Solution Items", "{95373CF0-F613-46A5-9F79-7197DB4925D0}"
	ProjectSection(SolutionItems) = preProject
		.dockerignore = .dockerignore
		.editorconfig = .editorconfig
		.gitattributes = .gitattributes
		.gitignore = .gitignore
		Directory.Build.props = Directory.Build.props
		hureit.ruleset = hureit.ruleset
		LICENSE = LICENSE
		README.md = README.md
		stylecop.json = stylecop.json
	EndProjectSection
EndProject
Project("{2150E333-8FDC-42A3-9474-1A3956D46DE8}") = "md", "md", "{F85BF170-722B-421D-A593-1E990E9C2160}"
	ProjectSection(SolutionItems) = preProject
		resources\md\api-migrations-guide.md = resources\md\api-migrations-guide.md
		resources\md\api-project-structure.md = resources\md\api-project-structure.md
	EndProjectSection
EndProject
Project("{2150E333-8FDC-42A3-9474-1A3956D46DE8}") = "image", "image", "{ED190817-A889-4943-B280-4F1E7EF0CFAE}"
	ProjectSection(SolutionItems) = preProject
		resources\image\HureIT_Banner.png = resources\image\HureIT_Banner.png
	EndProjectSection
EndProject
Project("{2150E333-8FDC-42A3-9474-1A3956D46DE8}") = "client", "client", "{9B2D9B75-8D13-4FE6-83E0-7AF370E3926A}"
EndProject
Project("{2150E333-8FDC-42A3-9474-1A3956D46DE8}") = "server", "server", "{3E15F052-5A8B-48CC-93F2-2B7CE6956C96}"
EndProject
Project("{2150E333-8FDC-42A3-9474-1A3956D46DE8}") = "Api", "Api", "{A2303A81-2BC3-4E07-A1EC-7938B5E2679E}"
EndProject
Project("{FAE04EC0-301F-11D3-BF4B-00C04F79EFBC}") = "Bootstrapper", "src\server\Api\Bootstrapper\Bootstrapper.csproj", "{19778D59-5CDC-477F-9951-632EF2C175F3}"
EndProject
Project("{2150E333-8FDC-42A3-9474-1A3956D46DE8}") = "Modules", "Modules", "{B00DFB5B-4041-4770-B7FC-8DB7D8CE69EC}"
EndProject
Project("{2150E333-8FDC-42A3-9474-1A3956D46DE8}") = "Shared", "Shared", "{A7127425-2AFF-4B37-9F68-7B87903AFA4F}"
EndProject
Project("{2150E333-8FDC-42A3-9474-1A3956D46DE8}") = "Identity", "Identity", "{D5CB9865-C337-4E9B-9149-D7FCC73714F1}"
EndProject
Project("{2150E333-8FDC-42A3-9474-1A3956D46DE8}") = "Workflow", "Workflow", "{A0C204AA-98E2-432A-B30D-81D793DF61D5}"
EndProject
Project("{FAE04EC0-301F-11D3-BF4B-00C04F79EFBC}") = "Modules.Identity.Api", "src\server\Modules\Identity\Modules.Identity.Api\Modules.Identity.Api.csproj", "{B1D6127E-448C-45E4-B568-6122A089653B}"
EndProject
Project("{FAE04EC0-301F-11D3-BF4B-00C04F79EFBC}") = "Modules.Identity.Core", "src\server\Modules\Identity\Modules.Identity.Core\Modules.Identity.Core.csproj", "{1BD46A97-F4BC-4206-B3A1-889680EF4628}"
EndProject
Project("{FAE04EC0-301F-11D3-BF4B-00C04F79EFBC}") = "Modules.Identity.Infrastructure", "src\server\Modules\Identity\Modules.Identity.Infrastructure\Modules.Identity.Infrastructure.csproj", "{FCE42F8D-C83B-40C4-9537-FAA2C0139FDA}"
EndProject
Project("{FAE04EC0-301F-11D3-BF4B-00C04F79EFBC}") = "Modules.Workflow.Api", "src\server\Modules\Workflow\Modules.Workflow.Api\Modules.Workflow.Api.csproj", "{E9B45AC7-FCAD-479A-B068-DBFD353AB298}"
EndProject
Project("{FAE04EC0-301F-11D3-BF4B-00C04F79EFBC}") = "Modules.Workflow.Core", "src\server\Modules\Workflow\Modules.Workflow.Core\Modules.Workflow.Core.csproj", "{5E940B85-E265-4796-AD43-1C157241493F}"
EndProject
Project("{FAE04EC0-301F-11D3-BF4B-00C04F79EFBC}") = "Modules.Workflow.Infrastructure", "src\server\Modules\Workflow\Modules.Workflow.Infrastructure\Modules.Workflow.Infrastructure.csproj", "{197E531E-2F4E-4D71-8358-88F9A218528C}"
EndProject
Project("{FAE04EC0-301F-11D3-BF4B-00C04F79EFBC}") = "Shared.Core", "src\server\Shared\Shared.Core\Shared.Core.csproj", "{D6B81CE7-EFAC-45D8-891E-C1621EE31DE0}"
EndProject
Project("{FAE04EC0-301F-11D3-BF4B-00C04F79EFBC}") = "Shared.DTO", "src\server\Shared\Shared.DTO\Shared.DTO.csproj", "{A0F00A2D-0CF4-4C0E-947C-DAACB71DDC6F}"
EndProject
Project("{FAE04EC0-301F-11D3-BF4B-00C04F79EFBC}") = "Shared.Infrastructure", "src\server\Shared\Shared.Infrastructure\Shared.Infrastructure.csproj", "{3ECCE0ED-8531-42ED-8418-CDA206C36B16}"
EndProject
Global
	GlobalSection(SolutionConfigurationPlatforms) = preSolution
		Debug|Any CPU = Debug|Any CPU
		Release|Any CPU = Release|Any CPU
	EndGlobalSection
	GlobalSection(ProjectConfigurationPlatforms) = postSolution
		{19778D59-5CDC-477F-9951-632EF2C175F3}.Debug|Any CPU.ActiveCfg = Debug|Any CPU
		{19778D59-5CDC-477F-9951-632EF2C175F3}.Debug|Any CPU.Build.0 = Debug|Any CPU
		{19778D59-5CDC-477F-9951-632EF2C175F3}.Release|Any CPU.ActiveCfg = Release|Any CPU
		{19778D59-5CDC-477F-9951-632EF2C175F3}.Release|Any CPU.Build.0 = Release|Any CPU
		{B1D6127E-448C-45E4-B568-6122A089653B}.Debug|Any CPU.ActiveCfg = Debug|Any CPU
		{B1D6127E-448C-45E4-B568-6122A089653B}.Debug|Any CPU.Build.0 = Debug|Any CPU
		{B1D6127E-448C-45E4-B568-6122A089653B}.Release|Any CPU.ActiveCfg = Release|Any CPU
		{B1D6127E-448C-45E4-B568-6122A089653B}.Release|Any CPU.Build.0 = Release|Any CPU
		{1BD46A97-F4BC-4206-B3A1-889680EF4628}.Debug|Any CPU.ActiveCfg = Debug|Any CPU
		{1BD46A97-F4BC-4206-B3A1-889680EF4628}.Debug|Any CPU.Build.0 = Debug|Any CPU
		{1BD46A97-F4BC-4206-B3A1-889680EF4628}.Release|Any CPU.ActiveCfg = Release|Any CPU
		{1BD46A97-F4BC-4206-B3A1-889680EF4628}.Release|Any CPU.Build.0 = Release|Any CPU
		{FCE42F8D-C83B-40C4-9537-FAA2C0139FDA}.Debug|Any CPU.ActiveCfg = Debug|Any CPU
		{FCE42F8D-C83B-40C4-9537-FAA2C0139FDA}.Debug|Any CPU.Build.0 = Debug|Any CPU
		{FCE42F8D-C83B-40C4-9537-FAA2C0139FDA}.Release|Any CPU.ActiveCfg = Release|Any CPU
		{FCE42F8D-C83B-40C4-9537-FAA2C0139FDA}.Release|Any CPU.Build.0 = Release|Any CPU
		{E9B45AC7-FCAD-479A-B068-DBFD353AB298}.Debug|Any CPU.ActiveCfg = Debug|Any CPU
		{E9B45AC7-FCAD-479A-B068-DBFD353AB298}.Debug|Any CPU.Build.0 = Debug|Any CPU
		{E9B45AC7-FCAD-479A-B068-DBFD353AB298}.Release|Any CPU.ActiveCfg = Release|Any CPU
		{E9B45AC7-FCAD-479A-B068-DBFD353AB298}.Release|Any CPU.Build.0 = Release|Any CPU
		{5E940B85-E265-4796-AD43-1C157241493F}.Debug|Any CPU.ActiveCfg = Debug|Any CPU
		{5E940B85-E265-4796-AD43-1C157241493F}.Debug|Any CPU.Build.0 = Debug|Any CPU
		{5E940B85-E265-4796-AD43-1C157241493F}.Release|Any CPU.ActiveCfg = Release|Any CPU
		{5E940B85-E265-4796-AD43-1C157241493F}.Release|Any CPU.Build.0 = Release|Any CPU
		{197E531E-2F4E-4D71-8358-88F9A218528C}.Debug|Any CPU.ActiveCfg = Debug|Any CPU
		{197E531E-2F4E-4D71-8358-88F9A218528C}.Debug|Any CPU.Build.0 = Debug|Any CPU
		{197E531E-2F4E-4D71-8358-88F9A218528C}.Release|Any CPU.ActiveCfg = Release|Any CPU
		{197E531E-2F4E-4D71-8358-88F9A218528C}.Release|Any CPU.Build.0 = Release|Any CPU
		{D6B81CE7-EFAC-45D8-891E-C1621EE31DE0}.Debug|Any CPU.ActiveCfg = Debug|Any CPU
		{D6B81CE7-EFAC-45D8-891E-C1621EE31DE0}.Debug|Any CPU.Build.0 = Debug|Any CPU
		{D6B81CE7-EFAC-45D8-891E-C1621EE31DE0}.Release|Any CPU.ActiveCfg = Release|Any CPU
		{D6B81CE7-EFAC-45D8-891E-C1621EE31DE0}.Release|Any CPU.Build.0 = Release|Any CPU
		{A0F00A2D-0CF4-4C0E-947C-DAACB71DDC6F}.Debug|Any CPU.ActiveCfg = Debug|Any CPU
		{A0F00A2D-0CF4-4C0E-947C-DAACB71DDC6F}.Debug|Any CPU.Build.0 = Debug|Any CPU
		{A0F00A2D-0CF4-4C0E-947C-DAACB71DDC6F}.Release|Any CPU.ActiveCfg = Release|Any CPU
		{A0F00A2D-0CF4-4C0E-947C-DAACB71DDC6F}.Release|Any CPU.Build.0 = Release|Any CPU
		{3ECCE0ED-8531-42ED-8418-CDA206C36B16}.Debug|Any CPU.ActiveCfg = Debug|Any CPU
		{3ECCE0ED-8531-42ED-8418-CDA206C36B16}.Debug|Any CPU.Build.0 = Debug|Any CPU
		{3ECCE0ED-8531-42ED-8418-CDA206C36B16}.Release|Any CPU.ActiveCfg = Release|Any CPU
		{3ECCE0ED-8531-42ED-8418-CDA206C36B16}.Release|Any CPU.Build.0 = Release|Any CPU
	EndGlobalSection
	GlobalSection(SolutionProperties) = preSolution
		HideSolutionNode = FALSE
	EndGlobalSection
	GlobalSection(NestedProjects) = preSolution
		{F85BF170-722B-421D-A593-1E990E9C2160} = {B0569FD5-BAD8-49C9-AE26-DDBD6D880D6A}
		{ED190817-A889-4943-B280-4F1E7EF0CFAE} = {B0569FD5-BAD8-49C9-AE26-DDBD6D880D6A}
		{9B2D9B75-8D13-4FE6-83E0-7AF370E3926A} = {C68EE75F-42FB-45C9-ACE7-D26319D04DEA}
		{3E15F052-5A8B-48CC-93F2-2B7CE6956C96} = {C68EE75F-42FB-45C9-ACE7-D26319D04DEA}
		{A2303A81-2BC3-4E07-A1EC-7938B5E2679E} = {3E15F052-5A8B-48CC-93F2-2B7CE6956C96}
		{19778D59-5CDC-477F-9951-632EF2C175F3} = {A2303A81-2BC3-4E07-A1EC-7938B5E2679E}
		{B00DFB5B-4041-4770-B7FC-8DB7D8CE69EC} = {3E15F052-5A8B-48CC-93F2-2B7CE6956C96}
		{A7127425-2AFF-4B37-9F68-7B87903AFA4F} = {3E15F052-5A8B-48CC-93F2-2B7CE6956C96}
		{D5CB9865-C337-4E9B-9149-D7FCC73714F1} = {B00DFB5B-4041-4770-B7FC-8DB7D8CE69EC}
		{A0C204AA-98E2-432A-B30D-81D793DF61D5} = {B00DFB5B-4041-4770-B7FC-8DB7D8CE69EC}
		{B1D6127E-448C-45E4-B568-6122A089653B} = {D5CB9865-C337-4E9B-9149-D7FCC73714F1}
		{1BD46A97-F4BC-4206-B3A1-889680EF4628} = {D5CB9865-C337-4E9B-9149-D7FCC73714F1}
		{FCE42F8D-C83B-40C4-9537-FAA2C0139FDA} = {D5CB9865-C337-4E9B-9149-D7FCC73714F1}
		{E9B45AC7-FCAD-479A-B068-DBFD353AB298} = {A0C204AA-98E2-432A-B30D-81D793DF61D5}
		{5E940B85-E265-4796-AD43-1C157241493F} = {A0C204AA-98E2-432A-B30D-81D793DF61D5}
		{197E531E-2F4E-4D71-8358-88F9A218528C} = {A0C204AA-98E2-432A-B30D-81D793DF61D5}
		{D6B81CE7-EFAC-45D8-891E-C1621EE31DE0} = {A7127425-2AFF-4B37-9F68-7B87903AFA4F}
		{A0F00A2D-0CF4-4C0E-947C-DAACB71DDC6F} = {A7127425-2AFF-4B37-9F68-7B87903AFA4F}
		{3ECCE0ED-8531-42ED-8418-CDA206C36B16} = {A7127425-2AFF-4B37-9F68-7B87903AFA4F}
	EndGlobalSection
	GlobalSection(ExtensibilityGlobals) = postSolution
		SolutionGuid = {B7D53698-3F9E-4455-8B58-898609081EAA}
	EndGlobalSection
EndGlobal
